
Microsoft Visual Studio Solution File, Format Version 12.00
# Visual Studio Version 16
VisualStudioVersion = 16.0.32228.343
MinimumVisualStudioVersion = 10.0.40219.1
Project("{FAE04EC0-301F-11D3-BF4B-00C04F79EFBC}") = "UAS PV3 047 065", "UAS PV3 047 065\UAS PV3 047 065.csproj", "{229D5F21-7ED2-44E9-8AE3-8287FC92E915}"
EndProject
Global
	GlobalSection(SolutionConfigurationPlatforms) = preSolution
		Debug|Any CPU = Debug|Any CPU
		Release|Any CPU = Release|Any CPU
	EndGlobalSection
	GlobalSection(ProjectConfigurationPlatforms) = postSolution
		{229D5F21-7ED2-44E9-8AE3-8287FC92E915}.Debug|Any CPU.ActiveCfg = Debug|Any CPU
		{229D5F21-7ED2-44E9-8AE3-8287FC92E915}.Debug|Any CPU.Build.0 = Debug|Any CPU
		{229D5F21-7ED2-44E9-8AE3-8287FC92E915}.Release|Any CPU.ActiveCfg = Release|Any CPU
		{229D5F21-7ED2-44E9-8AE3-8287FC92E915}.Release|Any CPU.Build.0 = Release|Any CPU
	EndGlobalSection
	GlobalSection(SolutionProperties) = preSolution
		HideSolutionNode = FALSE
	EndGlobalSection
	GlobalSection(ExtensibilityGlobals) = postSolution
		SolutionGuid = {F24C60AE-6F0B-4BA9-9E8B-F90D658B6E0A}
	EndGlobalSection
EndGlobal
